
Microsoft Visual Studio Solution File, Format Version 12.00
# Visual Studio Version 16
VisualStudioVersion = 16.0.30709.132
MinimumVisualStudioVersion = 10.0.40219.1
Project("{FAE04EC0-301F-11D3-BF4B-00C04F79EFBC}") = "DataTerminalProject", "DataTerminalProject\DataTerminalProject.csproj", "{3F97829B-0114-4333-8042-D565D4629C8F}"
EndProject
Global
	GlobalSection(SolutionConfigurationPlatforms) = preSolution
		Debug|Any CPU = Debug|Any CPU
		Release|Any CPU = Release|Any CPU
	EndGlobalSection
	GlobalSection(ProjectConfigurationPlatforms) = postSolution
		{3F97829B-0114-4333-8042-D565D4629C8F}.Debug|Any CPU.ActiveCfg = Debug|Any CPU
		{3F97829B-0114-4333-8042-D565D4629C8F}.Debug|Any CPU.Build.0 = Debug|Any CPU
		{3F97829B-0114-4333-8042-D565D4629C8F}.Release|Any CPU.ActiveCfg = Release|Any CPU
		{3F97829B-0114-4333-8042-D565D4629C8F}.Release|Any CPU.Build.0 = Release|Any CPU
	EndGlobalSection
	GlobalSection(SolutionProperties) = preSolution
		HideSolutionNode = FALSE
	EndGlobalSection
	GlobalSection(ExtensibilityGlobals) = postSolution
		SolutionGuid = {6922CF88-E9E9-4311-BC5F-2528D558545F}
	EndGlobalSection
EndGlobal
